
Microsoft Visual Studio Solution File, Format Version 12.00
# Visual Studio Version 16
VisualStudioVersion = 16.0.31402.337
MinimumVisualStudioVersion = 10.0.40219.1
Project("{FAE04EC0-301F-11D3-BF4B-00C04F79EFBC}") = "AplicacionEjemplo", "AplicacionEjemplo\AplicacionEjemplo.csproj", "{176EA66E-9DC1-4770-80EA-0C58549E332E}"
EndProject
Global
	GlobalSection(SolutionConfigurationPlatforms) = preSolution
		Debug|Any CPU = Debug|Any CPU
		Release|Any CPU = Release|Any CPU
	EndGlobalSection
	GlobalSection(ProjectConfigurationPlatforms) = postSolution
		{176EA66E-9DC1-4770-80EA-0C58549E332E}.Debug|Any CPU.ActiveCfg = Debug|Any CPU
		{176EA66E-9DC1-4770-80EA-0C58549E332E}.Debug|Any CPU.Build.0 = Debug|Any CPU
		{176EA66E-9DC1-4770-80EA-0C58549E332E}.Release|Any CPU.ActiveCfg = Release|Any CPU
		{176EA66E-9DC1-4770-80EA-0C58549E332E}.Release|Any CPU.Build.0 = Release|Any CPU
	EndGlobalSection
	GlobalSection(SolutionProperties) = preSolution
		HideSolutionNode = FALSE
	EndGlobalSection
	GlobalSection(ExtensibilityGlobals) = postSolution
		SolutionGuid = {1CE8CC1E-B59F-4460-B233-1FE6A2710C6D}
	EndGlobalSection
EndGlobal
