
Microsoft Visual Studio Solution File, Format Version 12.00
# Visual Studio Version 16
VisualStudioVersion = 16.0.31515.178
MinimumVisualStudioVersion = 10.0.40219.1
Project("{FAE04EC0-301F-11D3-BF4B-00C04F79EFBC}") = "Aplicacion de ejemplo", "Aplicacion de ejemplo.csproj", "{672FEA08-97FF-41DA-8359-4394FFE2DA93}"
EndProject
Global
	GlobalSection(SolutionConfigurationPlatforms) = preSolution
		Debug|Any CPU = Debug|Any CPU
		Release|Any CPU = Release|Any CPU
	EndGlobalSection
	GlobalSection(ProjectConfigurationPlatforms) = postSolution
		{672FEA08-97FF-41DA-8359-4394FFE2DA93}.Debug|Any CPU.ActiveCfg = Debug|Any CPU
		{672FEA08-97FF-41DA-8359-4394FFE2DA93}.Debug|Any CPU.Build.0 = Debug|Any CPU
		{672FEA08-97FF-41DA-8359-4394FFE2DA93}.Release|Any CPU.ActiveCfg = Release|Any CPU
		{672FEA08-97FF-41DA-8359-4394FFE2DA93}.Release|Any CPU.Build.0 = Release|Any CPU
	EndGlobalSection
	GlobalSection(SolutionProperties) = preSolution
		HideSolutionNode = FALSE
	EndGlobalSection
	GlobalSection(ExtensibilityGlobals) = postSolution
		SolutionGuid = {F57FE771-AC60-4E8B-A436-0519A55221FE}
	EndGlobalSection
EndGlobal
