
Microsoft Visual Studio Solution File, Format Version 12.00
# Visual Studio Version 16
VisualStudioVersion = 16.0.31515.178
MinimumVisualStudioVersion = 10.0.40219.1
Project("{FAE04EC0-301F-11D3-BF4B-00C04F79EFBC}") = "Tarea01YamillMoran", "Tarea01YamillMoran.csproj", "{AFCE6ABC-7AED-4D21-8998-590F2FC38B09}"
EndProject
Global
	GlobalSection(SolutionConfigurationPlatforms) = preSolution
		Debug|Any CPU = Debug|Any CPU
		Release|Any CPU = Release|Any CPU
	EndGlobalSection
	GlobalSection(ProjectConfigurationPlatforms) = postSolution
		{AFCE6ABC-7AED-4D21-8998-590F2FC38B09}.Debug|Any CPU.ActiveCfg = Debug|Any CPU
		{AFCE6ABC-7AED-4D21-8998-590F2FC38B09}.Debug|Any CPU.Build.0 = Debug|Any CPU
		{AFCE6ABC-7AED-4D21-8998-590F2FC38B09}.Release|Any CPU.ActiveCfg = Release|Any CPU
		{AFCE6ABC-7AED-4D21-8998-590F2FC38B09}.Release|Any CPU.Build.0 = Release|Any CPU
	EndGlobalSection
	GlobalSection(SolutionProperties) = preSolution
		HideSolutionNode = FALSE
	EndGlobalSection
	GlobalSection(ExtensibilityGlobals) = postSolution
		SolutionGuid = {977FDA33-100E-412B-8A96-DDFD70A66638}
	EndGlobalSection
EndGlobal
