
Microsoft Visual Studio Solution File, Format Version 12.00
# Visual Studio Version 16
VisualStudioVersion = 16.0.31729.503
MinimumVisualStudioVersion = 10.0.40219.1
Project("{FAE04EC0-301F-11D3-BF4B-00C04F79EFBC}") = "AccesoriosProyecto", "AccesoriosProyecto.csproj", "{1A343A05-CA38-4F93-8FE4-949353E09DCA}"
EndProject
Global
	GlobalSection(SolutionConfigurationPlatforms) = preSolution
		Debug|Any CPU = Debug|Any CPU
		Release|Any CPU = Release|Any CPU
	EndGlobalSection
	GlobalSection(ProjectConfigurationPlatforms) = postSolution
		{1A343A05-CA38-4F93-8FE4-949353E09DCA}.Debug|Any CPU.ActiveCfg = Debug|Any CPU
		{1A343A05-CA38-4F93-8FE4-949353E09DCA}.Debug|Any CPU.Build.0 = Debug|Any CPU
		{1A343A05-CA38-4F93-8FE4-949353E09DCA}.Release|Any CPU.ActiveCfg = Release|Any CPU
		{1A343A05-CA38-4F93-8FE4-949353E09DCA}.Release|Any CPU.Build.0 = Release|Any CPU
	EndGlobalSection
	GlobalSection(SolutionProperties) = preSolution
		HideSolutionNode = FALSE
	EndGlobalSection
	GlobalSection(ExtensibilityGlobals) = postSolution
		SolutionGuid = {B1F790DD-B38C-4705-BE20-6E0FA294F4AA}
	EndGlobalSection
EndGlobal
