
Microsoft Visual Studio Solution File, Format Version 12.00
# Visual Studio Version 16
VisualStudioVersion = 16.0.31702.278
MinimumVisualStudioVersion = 10.0.40219.1
Project("{FAE04EC0-301F-11D3-BF4B-00C04F79EFBC}") = "Aplicacion de Ejemplo", "Aplicacion de Ejemplo.csproj", "{070F61A8-00AE-4404-AF77-9E0AF78D791B}"
EndProject
Global
	GlobalSection(SolutionConfigurationPlatforms) = preSolution
		Debug|Any CPU = Debug|Any CPU
		Release|Any CPU = Release|Any CPU
	EndGlobalSection
	GlobalSection(ProjectConfigurationPlatforms) = postSolution
		{070F61A8-00AE-4404-AF77-9E0AF78D791B}.Debug|Any CPU.ActiveCfg = Debug|Any CPU
		{070F61A8-00AE-4404-AF77-9E0AF78D791B}.Debug|Any CPU.Build.0 = Debug|Any CPU
		{070F61A8-00AE-4404-AF77-9E0AF78D791B}.Release|Any CPU.ActiveCfg = Release|Any CPU
		{070F61A8-00AE-4404-AF77-9E0AF78D791B}.Release|Any CPU.Build.0 = Release|Any CPU
	EndGlobalSection
	GlobalSection(SolutionProperties) = preSolution
		HideSolutionNode = FALSE
	EndGlobalSection
	GlobalSection(ExtensibilityGlobals) = postSolution
		SolutionGuid = {01D676DB-EB07-477F-ABA4-8ACF3C568181}
	EndGlobalSection
EndGlobal
