
Microsoft Visual Studio Solution File, Format Version 12.00
# Visual Studio Version 16
VisualStudioVersion = 16.0.31613.86
MinimumVisualStudioVersion = 10.0.40219.1
Project("{FAE04EC0-301F-11D3-BF4B-00C04F79EFBC}") = "Ejercicio_1", "Ejercicio_1\Ejercicio_1.csproj", "{F3F50886-E445-4C54-A0E8-98B1CC5C96A6}"
EndProject
Global
	GlobalSection(SolutionConfigurationPlatforms) = preSolution
		Debug|Any CPU = Debug|Any CPU
		Release|Any CPU = Release|Any CPU
	EndGlobalSection
	GlobalSection(ProjectConfigurationPlatforms) = postSolution
		{F3F50886-E445-4C54-A0E8-98B1CC5C96A6}.Debug|Any CPU.ActiveCfg = Debug|Any CPU
		{F3F50886-E445-4C54-A0E8-98B1CC5C96A6}.Debug|Any CPU.Build.0 = Debug|Any CPU
		{F3F50886-E445-4C54-A0E8-98B1CC5C96A6}.Release|Any CPU.ActiveCfg = Release|Any CPU
		{F3F50886-E445-4C54-A0E8-98B1CC5C96A6}.Release|Any CPU.Build.0 = Release|Any CPU
	EndGlobalSection
	GlobalSection(SolutionProperties) = preSolution
		HideSolutionNode = FALSE
	EndGlobalSection
	GlobalSection(ExtensibilityGlobals) = postSolution
		SolutionGuid = {953E2F80-0B5F-465E-9E26-BBCA1B63784E}
	EndGlobalSection
EndGlobal
