
Microsoft Visual Studio Solution File, Format Version 12.00
# Visual Studio Version 16
VisualStudioVersion = 16.0.31515.178
MinimumVisualStudioVersion = 10.0.40219.1
Project("{FAE04EC0-301F-11D3-BF4B-00C04F79EFBC}") = "Hospital Covid CEACO", "Hospital Covid CEACO.csproj", "{7C21A14E-3F7D-4A46-ACD2-1477A10E97E8}"
EndProject
Global
	GlobalSection(SolutionConfigurationPlatforms) = preSolution
		Debug|Any CPU = Debug|Any CPU
		Release|Any CPU = Release|Any CPU
	EndGlobalSection
	GlobalSection(ProjectConfigurationPlatforms) = postSolution
		{7C21A14E-3F7D-4A46-ACD2-1477A10E97E8}.Debug|Any CPU.ActiveCfg = Debug|Any CPU
		{7C21A14E-3F7D-4A46-ACD2-1477A10E97E8}.Debug|Any CPU.Build.0 = Debug|Any CPU
		{7C21A14E-3F7D-4A46-ACD2-1477A10E97E8}.Release|Any CPU.ActiveCfg = Release|Any CPU
		{7C21A14E-3F7D-4A46-ACD2-1477A10E97E8}.Release|Any CPU.Build.0 = Release|Any CPU
	EndGlobalSection
	GlobalSection(SolutionProperties) = preSolution
		HideSolutionNode = FALSE
	EndGlobalSection
	GlobalSection(ExtensibilityGlobals) = postSolution
		SolutionGuid = {2A3CAC30-7E34-43F8-8FDB-A67A656E836E}
	EndGlobalSection
EndGlobal
