
Microsoft Visual Studio Solution File, Format Version 12.00
# Visual Studio Version 16
VisualStudioVersion = 16.0.31410.357
MinimumVisualStudioVersion = 10.0.40219.1
Project("{FAE04EC0-301F-11D3-BF4B-00C04F79EFBC}") = "Autentificacion", "Autentificacion\Autentificacion.csproj", "{7D5B0EAD-74E6-4DB8-85EB-F8308AE15C1E}"
EndProject
Global
	GlobalSection(SolutionConfigurationPlatforms) = preSolution
		Debug|Any CPU = Debug|Any CPU
		Release|Any CPU = Release|Any CPU
	EndGlobalSection
	GlobalSection(ProjectConfigurationPlatforms) = postSolution
		{7D5B0EAD-74E6-4DB8-85EB-F8308AE15C1E}.Debug|Any CPU.ActiveCfg = Debug|Any CPU
		{7D5B0EAD-74E6-4DB8-85EB-F8308AE15C1E}.Debug|Any CPU.Build.0 = Debug|Any CPU
		{7D5B0EAD-74E6-4DB8-85EB-F8308AE15C1E}.Release|Any CPU.ActiveCfg = Release|Any CPU
		{7D5B0EAD-74E6-4DB8-85EB-F8308AE15C1E}.Release|Any CPU.Build.0 = Release|Any CPU
	EndGlobalSection
	GlobalSection(SolutionProperties) = preSolution
		HideSolutionNode = FALSE
	EndGlobalSection
	GlobalSection(ExtensibilityGlobals) = postSolution
		SolutionGuid = {8EBEEDE8-F93D-4329-84EA-6421696A7A7E}
	EndGlobalSection
EndGlobal
