
Microsoft Visual Studio Solution File, Format Version 12.00
# Visual Studio Version 16
VisualStudioVersion = 16.0.31410.357
MinimumVisualStudioVersion = 10.0.40219.1
Project("{FAE04EC0-301F-11D3-BF4B-00C04F79EFBC}") = "Aplicacion", "Aplicacion\Aplicacion.csproj", "{C2C6CC90-B929-4BCD-A2D2-D8E9336DAC7A}"
EndProject
Global
	GlobalSection(SolutionConfigurationPlatforms) = preSolution
		Debug|Any CPU = Debug|Any CPU
		Release|Any CPU = Release|Any CPU
	EndGlobalSection
	GlobalSection(ProjectConfigurationPlatforms) = postSolution
		{C2C6CC90-B929-4BCD-A2D2-D8E9336DAC7A}.Debug|Any CPU.ActiveCfg = Debug|Any CPU
		{C2C6CC90-B929-4BCD-A2D2-D8E9336DAC7A}.Debug|Any CPU.Build.0 = Debug|Any CPU
		{C2C6CC90-B929-4BCD-A2D2-D8E9336DAC7A}.Release|Any CPU.ActiveCfg = Release|Any CPU
		{C2C6CC90-B929-4BCD-A2D2-D8E9336DAC7A}.Release|Any CPU.Build.0 = Release|Any CPU
	EndGlobalSection
	GlobalSection(SolutionProperties) = preSolution
		HideSolutionNode = FALSE
	EndGlobalSection
	GlobalSection(ExtensibilityGlobals) = postSolution
		SolutionGuid = {95335295-A50E-489D-9C13-08B33ACA4659}
	EndGlobalSection
EndGlobal
